Microsoft Visual Studio Solution File, Format Version 12.00
# Visual Studio Version 17
VisualStudioVersion = 17.5.2.0
MinimumVisualStudioVersion = 10.0.40219.1
Project("{2150E333-8FDC-42A3-9474-1A3956D46DE8}") = "template-library", "template-library", "{A685E1AA-74E8-7EE3-0858-9E6E2D38A837}"
EndProject
Project("{FAE04EC0-301F-11D3-BF4B-00C04F79EFBC}") = "MyCmdPalPlugin", "template-library\powertoys-cmdpal-plugin\MyCmdPalPlugin.csproj", "{2005CBFE-070C-A0B6-2090-567979FE4608}"
EndProject
Project("{FAE04EC0-301F-11D3-BF4B-00C04F79EFBC}") = "MyPowerToysRunPlugin", "template-library\powertoys-run-plugin\MyPowerToysRunPlugin.csproj", "{9D4C38E4-41A6-BC59-EB15-CEFAA418605E}"
EndProject
Global
	GlobalSection(SolutionConfigurationPlatforms) = preSolution
		Debug|Any CPU = Debug|Any CPU
		Release|Any CPU = Release|Any CPU
	EndGlobalSection
	GlobalSection(ProjectConfigurationPlatforms) = postSolution
		{2005CBFE-070C-A0B6-2090-567979FE4608}.Debug|Any CPU.ActiveCfg = Debug|Any CPU
		{2005CBFE-070C-A0B6-2090-567979FE4608}.Debug|Any CPU.Build.0 = Debug|Any CPU
		{2005CBFE-070C-A0B6-2090-567979FE4608}.Release|Any CPU.ActiveCfg = Release|Any CPU
		{2005CBFE-070C-A0B6-2090-567979FE4608}.Release|Any CPU.Build.0 = Release|Any CPU
		{9D4C38E4-41A6-BC59-EB15-CEFAA418605E}.Debug|Any CPU.ActiveCfg = Debug|Any CPU
		{9D4C38E4-41A6-BC59-EB15-CEFAA418605E}.Debug|Any CPU.Build.0 = Debug|Any CPU
		{9D4C38E4-41A6-BC59-EB15-CEFAA418605E}.Release|Any CPU.ActiveCfg = Release|Any CPU
		{9D4C38E4-41A6-BC59-EB15-CEFAA418605E}.Release|Any CPU.Build.0 = Release|Any CPU
	EndGlobalSection
	GlobalSection(SolutionProperties) = preSolution
		HideSolutionNode = FALSE
	EndGlobalSection
	GlobalSection(NestedProjects) = preSolution
		{2005CBFE-070C-A0B6-2090-567979FE4608} = {A685E1AA-74E8-7EE3-0858-9E6E2D38A837}
		{9D4C38E4-41A6-BC59-EB15-CEFAA418605E} = {A685E1AA-74E8-7EE3-0858-9E6E2D38A837}
	EndGlobalSection
	GlobalSection(ExtensibilityGlobals) = postSolution
		SolutionGuid = {00B94BC9-E7C1-42BC-AC6C-BAB74121CDEF}
	EndGlobalSection
EndGlobal
